# THIS IS AN AUTOGENERATED FILE. DO NOT EDIT THIS FILE DIRECTLY.
# yarn lockfile v1


redux-saga@^0.16.2:
  version "0.16.2"
  resolved "https://registry.yarnpkg.com/redux-saga/-/redux-saga-0.16.2.tgz#993662e86bc945d8509ac2b8daba3a8c615cc971"
  integrity sha512-iIjKnRThI5sKPEASpUvySemjzwqwI13e3qP7oLub+FycCRDysLSAOwt958niZW6LhxfmS6Qm1BzbU70w/Koc4w==
